# THIS IS AN AUTOGENERATED FILE. DO NOT EDIT THIS FILE DIRECTLY.
# yarn lockfile v1


"@types/react-native@^0.47.8":
  version "0.47.8"
  resolved "https://registry.yarnpkg.com/@types/react-native/-/react-native-0.47.8.tgz#9ab9a8fc4e111b510c76f0fb4c2e2bb02fd0fb3d"
  dependencies:
    "@types/react" "*"

"@types/react@*":
  version "16.0.5"
  resolved "https://registry.yarnpkg.com/@types/react/-/react-16.0.5.tgz#d713cf67cc211dea20463d2a0b66005c22070c4b"

prettier@^1.6.0:
  version "1.6.0"
  resolved "https://registry.yarnpkg.com/prettier/-/prettier-1.6.0.tgz#23e9c68251f440feb847f558821bead21765919a"

typescript@^2.4.2:
  version "2.4.2"
  resolved "https://registry.yarnpkg.com/typescript/-/typescript-2.4.2.tgz#f8395f85d459276067c988aa41837a8f82870844"
